
Microsoft Visual Studio Solution File, Format Version 12.00
Project("{FAE04EC0-301F-11D3-BF4B-00C04F79EFBC}") = "Telegram.Bot.Ext", "Telegram.Bot.Ext\Telegram.Bot.Ext.csproj", "{03B60EDC-C130-47ED-BAA4-999DEC829FC7}"
EndProject
Project("{FAE04EC0-301F-11D3-BF4B-00C04F79EFBC}") = "Telegram.Bot.Ext.Tests", "Telegram.Bot.Ext.Tests\Telegram.Bot.Ext.Tests.csproj", "{9EE153E9-A3F5-4200-BADA-6D128E779EB6}"
EndProject
Project("{FAE04EC0-301F-11D3-BF4B-00C04F79EFBC}") = "Telegram.Bot.Ext.SourceGenerators", "Telegram.Bot.Ext.SourceGenerators\Telegram.Bot.Ext.SourceGenerators.csproj", "{BBC8DD70-E288-4394-B2EB-D5074334D750}"
EndProject
Project("{2150E333-8FDC-42A3-9474-1A3956D46DE8}") = "SolutionItems", "SolutionItems", "{41E885D4-46E3-4ED5-A307-378C2C6479EE}"
	ProjectSection(SolutionItems) = preProject
		..\README.md = ..\README.md
		..\.gitignore = ..\.gitignore
	EndProjectSection
EndProject
Project("{FAE04EC0-301F-11D3-BF4B-00C04F79EFBC}") = "Example", "Example\Example.csproj", "{EAEDA677-114B-4AE2-84D7-10E936C0B291}"
EndProject
Global
	GlobalSection(SolutionConfigurationPlatforms) = preSolution
		Debug|Any CPU = Debug|Any CPU
		Release|Any CPU = Release|Any CPU
	EndGlobalSection
	GlobalSection(ProjectConfigurationPlatforms) = postSolution
		{03B60EDC-C130-47ED-BAA4-999DEC829FC7}.Debug|Any CPU.ActiveCfg = Debug|Any CPU
		{03B60EDC-C130-47ED-BAA4-999DEC829FC7}.Debug|Any CPU.Build.0 = Debug|Any CPU
		{03B60EDC-C130-47ED-BAA4-999DEC829FC7}.Release|Any CPU.ActiveCfg = Release|Any CPU
		{03B60EDC-C130-47ED-BAA4-999DEC829FC7}.Release|Any CPU.Build.0 = Release|Any CPU
		{9EE153E9-A3F5-4200-BADA-6D128E779EB6}.Debug|Any CPU.ActiveCfg = Debug|Any CPU
		{9EE153E9-A3F5-4200-BADA-6D128E779EB6}.Debug|Any CPU.Build.0 = Debug|Any CPU
		{9EE153E9-A3F5-4200-BADA-6D128E779EB6}.Release|Any CPU.ActiveCfg = Release|Any CPU
		{9EE153E9-A3F5-4200-BADA-6D128E779EB6}.Release|Any CPU.Build.0 = Release|Any CPU
		{BBC8DD70-E288-4394-B2EB-D5074334D750}.Debug|Any CPU.ActiveCfg = Debug|Any CPU
		{BBC8DD70-E288-4394-B2EB-D5074334D750}.Debug|Any CPU.Build.0 = Debug|Any CPU
		{BBC8DD70-E288-4394-B2EB-D5074334D750}.Release|Any CPU.ActiveCfg = Release|Any CPU
		{BBC8DD70-E288-4394-B2EB-D5074334D750}.Release|Any CPU.Build.0 = Release|Any CPU
		{EAEDA677-114B-4AE2-84D7-10E936C0B291}.Debug|Any CPU.ActiveCfg = Debug|Any CPU
		{EAEDA677-114B-4AE2-84D7-10E936C0B291}.Debug|Any CPU.Build.0 = Debug|Any CPU
		{EAEDA677-114B-4AE2-84D7-10E936C0B291}.Release|Any CPU.ActiveCfg = Release|Any CPU
		{EAEDA677-114B-4AE2-84D7-10E936C0B291}.Release|Any CPU.Build.0 = Release|Any CPU
	EndGlobalSection
EndGlobal
